{
    "_meta": {
        "hash": {
            "sha256": "e271d469130f8e6a4e5eb6dfc7b4597833cfe93b5d03383da1a95944332b5ffe"
        },
        "pipfile-spec": 6,
        "requires": {
            "python_full_version": "3.15.0",
            "python_version": "3.15"
        },
        "sources": [
            {
                "name": "pypi",
                "url": "https://pypi.org/simple",
                "verify_ssl": true
            }
        ]
    },
    "default": {
        "asgiref": {
            "hashes": [
                "sha256:59dcb51c272ad209d59bed5708a64a333083e86017d7fcdd67498eeab7784340",
                "sha256:fe386d1c2bff7259ea95929266d12a8cf9a8b5a1c2598402967d8792e7a7c094"
            ],
            "markers": "python_version >= '3.10'",
            "version": "==3.12.1"
        },
        "django": {
            "hashes": [
                "sha256:585fb82bf15053c42cf52e67c2f1b54a032dca384759315fd6678ab1870d1d72",
                "sha256:7ab93536d8e677aa14554c56426290c69480bf2ee68d7513d4a22f57d6bfeb84"
            ],
            "index": "pypi",
            "markers": "python_version >= '3.12'",
            "version": "==6.1.1"
        },
        "environs": {
            "hashes": [
                "sha256:1bfc0d32b43692f28a6e294ad2b69903d43a214672ebcf3124a66d66b52b2418",
                "sha256:3e460fda6b3c29ebf9add476f55f4977018d00071cac1a62f4399e35b8d28c7a"
            ],
            "index": "pypi",
            "markers": "python_version >= '3.10'",
            "version": "==15.2.0"
        },
        "marshmallow": {
            "hashes": [
                "sha256:e65accfbe277546df92ed7996a678c90e063e9a7c2a2f5e03f7d0b90e3768c42",
                "sha256:fb6b8048af08d4ab061610d5b7d3696a7e4c95337dbda880edb9f95812cabc20"
            ],
            "markers": "python_version >= '3.10'",
            "version": "==4.3.1"
        },
        "python-dateutil": {
            "hashes": [
                "sha256:37dd54208da7e1cd875388217d5e00ebd4179249f90fb72437e91a35459a0ad3",
                "sha256:a8b2bc7bffae282281c8140a97d3aa9c14da0b136dfe83f850eea9a5f7470427"
            ],
            "index": "pypi",
            "markers": "python_version >= '2.7' and python_version not in '3.0, 3.1, 3.2'",
            "version": "==2.9.0.post0"
        },
        "python-dotenv": {
            "hashes": [
                "sha256:904552145e8bfed22162c09dab1c2b9b54fefa7b23ba780f4f26ca0316b0f0d9",
                "sha256:a20a594dabeaa385725aa239d5244871c143ecb356add8a20fcf23773a6c3a35"
            ],
            "markers": "python_version >= '3.10'",
            "version": "==1.2.3"
        },
        "six": {
            "hashes": [
                "sha256:4721f391ed90541fddacab5acf947aa0d3dc7d27b2e1e8eda2be8970586c3274",
                "sha256:ff70335d468e7eb6ec65b95b99d3a2836546063f63acc5171de367e834932a81"
            ],
            "markers": "python_version >= '2.7' and python_version not in '3.0, 3.1, 3.2'",
            "version": "==1.17.0"
        },
        "sqlparse": {
            "hashes": [
                "sha256:113c35c75365ab9cc9c7231d68c6428fb11c085fc8e9eb1ad659b7ddbf6cd2b9",
                "sha256:b861c0288ce2fa56209a9a6412d2e066ac664b3873b89c26c9d8415e8e32996f"
            ],
            "markers": "python_version >= '3.10'",
            "version": "==0.6.0"
        },
        "whitenoise": {
            "hashes": [
                "sha256:f723ebb76a112e98816ff80fcea0a6c9b8ecde835f8ddda25df7a30a3c2db6ad",
                "sha256:fc5e8c572e33ebf24795b47b6a7da8da3c00cff2349f5b04c02f28d0cc5a3cc2"
            ],
            "index": "pypi",
            "markers": "python_version >= '3.10'",
            "version": "==6.12.0"
        }
    },
    "develop": {}
}
